
Microsoft Visual Studio Solution File, Format Version 12.00
# Visual Studio Version 17
VisualStudioVersion = 17.10.35013.160
MinimumVisualStudioVersion = 10.0.40219.1
Project("{9A19103F-16F7-4668-BE54-9A1E7A4F7556}") = "menuNavegacion", "menuNavegacion\menuNavegacion.csproj", "{DA63B298-34C7-4662-A807-1E9713EF17B4}"
EndProject
Project("{2150E333-8FDC-42A3-9474-1A3956D46DE8}") = "Elementos de la solución", "Elementos de la solución", "{DA955D71-929F-48D2-9FEC-A2A61D271C7C}"
EndProject
Global
	GlobalSection(SolutionConfigurationPlatforms) = preSolution
		Debug|Any CPU = Debug|Any CPU
		Release|Any CPU = Release|Any CPU
	EndGlobalSection
	GlobalSection(ProjectConfigurationPlatforms) = postSolution
		{DA63B298-34C7-4662-A807-1E9713EF17B4}.Debug|Any CPU.ActiveCfg = Debug|Any CPU
		{DA63B298-34C7-4662-A807-1E9713EF17B4}.Debug|Any CPU.Build.0 = Debug|Any CPU
		{DA63B298-34C7-4662-A807-1E9713EF17B4}.Debug|Any CPU.Deploy.0 = Debug|Any CPU
		{DA63B298-34C7-4662-A807-1E9713EF17B4}.Release|Any CPU.ActiveCfg = Release|Any CPU
		{DA63B298-34C7-4662-A807-1E9713EF17B4}.Release|Any CPU.Build.0 = Release|Any CPU
		{DA63B298-34C7-4662-A807-1E9713EF17B4}.Release|Any CPU.Deploy.0 = Release|Any CPU
	EndGlobalSection
	GlobalSection(SolutionProperties) = preSolution
		HideSolutionNode = FALSE
	EndGlobalSection
	GlobalSection(ExtensibilityGlobals) = postSolution
		SolutionGuid = {69488F73-6521-4DF2-B220-0F4C35F1EB12}
	EndGlobalSection
EndGlobal
